
Microsoft Visual Studio Solution File, Format Version 12.00
# Visual Studio Version 17
VisualStudioVersion = 17.0.32014.148
MinimumVisualStudioVersion = 10.0.40219.1
Project("{FAE04EC0-301F-11D3-BF4B-00C04F79EFBC}") = "calc", "calc\calc.csproj", "{F043B477-2A9D-4947-9FB6-E6A80EB189B1}"
EndProject
Global
	GlobalSection(SolutionConfigurationPlatforms) = preSolution
		Debug|Any CPU = Debug|Any CPU
		Release|Any CPU = Release|Any CPU
	EndGlobalSection
	GlobalSection(ProjectConfigurationPlatforms) = postSolution
		{F043B477-2A9D-4947-9FB6-E6A80EB189B1}.Debug|Any CPU.ActiveCfg = Debug|Any CPU
		{F043B477-2A9D-4947-9FB6-E6A80EB189B1}.Debug|Any CPU.Build.0 = Debug|Any CPU
		{F043B477-2A9D-4947-9FB6-E6A80EB189B1}.Release|Any CPU.ActiveCfg = Release|Any CPU
		{F043B477-2A9D-4947-9FB6-E6A80EB189B1}.Release|Any CPU.Build.0 = Release|Any CPU
	EndGlobalSection
	GlobalSection(SolutionProperties) = preSolution
		HideSolutionNode = FALSE
	EndGlobalSection
	GlobalSection(ExtensibilityGlobals) = postSolution
		SolutionGuid = {33DC95E3-B146-4996-B380-A9674A3E59ED}
	EndGlobalSection
EndGlobal
